
Microsoft Visual Studio Solution File, Format Version 12.00
# Visual Studio Version 16
VisualStudioVersion = 16.0.30907.101
MinimumVisualStudioVersion = 10.0.40219.1
Project("{FAE04EC0-301F-11D3-BF4B-00C04F79EFBC}") = "Assignment5", "Assignment5\Assignment5.csproj", "{162242E8-5011-4395-99C7-8D9E1CE89C79}"
EndProject
Global
	GlobalSection(SolutionConfigurationPlatforms) = preSolution
		Debug|Any CPU = Debug|Any CPU
		Release|Any CPU = Release|Any CPU
	EndGlobalSection
	GlobalSection(ProjectConfigurationPlatforms) = postSolution
		{162242E8-5011-4395-99C7-8D9E1CE89C79}.Debug|Any CPU.ActiveCfg = Debug|Any CPU
		{162242E8-5011-4395-99C7-8D9E1CE89C79}.Debug|Any CPU.Build.0 = Debug|Any CPU
		{162242E8-5011-4395-99C7-8D9E1CE89C79}.Release|Any CPU.ActiveCfg = Release|Any CPU
		{162242E8-5011-4395-99C7-8D9E1CE89C79}.Release|Any CPU.Build.0 = Release|Any CPU
	EndGlobalSection
	GlobalSection(SolutionProperties) = preSolution
		HideSolutionNode = FALSE
	EndGlobalSection
	GlobalSection(ExtensibilityGlobals) = postSolution
		SolutionGuid = {89E872D5-89E0-4F2B-9923-B6E0913CA527}
	EndGlobalSection
EndGlobal
